lockfileVersion: '9.0'

settings:
  autoInstallPeers: true
  excludeLinksFromLockfile: false

importers:

  .:
    dependencies:
      '@pontx/spec':
        specifier: 1.0.0-beta.10
        version: 1.0.0-beta.10

packages:

  '@pontx/spec@1.0.0-beta.10':
    resolution: {integrity: sha512-IGoj02nFgPAVnRVJsr9vrRvO0ixUFtvWo3Jb4Z3dVPI2TZ2Fz7WUy4k1fmT3KLGcMyy2/mvfjg2/lu2o8ruI/w==}

  immer@10.2.0:
    resolution: {integrity: sha512-d/+XTN3zfODyjr89gM3mPq1WNX2B8pYsu7eORitdwyA2sBubnTl3laYlBk4sXY5FUa5qTZGBDPJICVbvqzjlbw==}

  lodash@4.18.1:
    resolution: {integrity: sha512-dMInicTPVE8d1e5otfwmmjlxkZoUpiVLwyeTdUsi/Caj/gfzzblBcCE5sRHV/AsjuCmxWrte2TNGSYuCeCq+0Q==}

  oas-spec-ts@0.6.4:
    resolution: {integrity: sha512-MYBgT1EBMhRZjET+thtijhGHxexlK5+eugS0r37B4/FUEFYTbjKuZLLoPK7DkQAtuCm8/ZMUYbYswz15oN9XUA==}

snapshots:

  '@pontx/spec@1.0.0-beta.10':
    dependencies:
      immer: 10.2.0
      lodash: 4.18.1
      oas-spec-ts: 0.6.4

  immer@10.2.0: {}

  lodash@4.18.1: {}

  oas-spec-ts@0.6.4: {}
